
Microsoft Visual Studio Solution File, Format Version 12.00
# Visual Studio Version 17
VisualStudioVersion = 17.10.35013.160
MinimumVisualStudioVersion = 10.0.40219.1
Project("{FAE04EC0-301F-11D3-BF4B-00C04F79EFBC}") = "FirstApp", "FirstApp.csproj", "{473E8D67-EC97-4341-95DA-AEB20F396A97}"
EndProject
Global
	GlobalSection(SolutionConfigurationPlatforms) = preSolution
		Debug|Any CPU = Debug|Any CPU
		Release|Any CPU = Release|Any CPU
	EndGlobalSection
	GlobalSection(ProjectConfigurationPlatforms) = postSolution
		{473E8D67-EC97-4341-95DA-AEB20F396A97}.Debug|Any CPU.ActiveCfg = Debug|Any CPU
		{473E8D67-EC97-4341-95DA-AEB20F396A97}.Debug|Any CPU.Build.0 = Debug|Any CPU
		{473E8D67-EC97-4341-95DA-AEB20F396A97}.Release|Any CPU.ActiveCfg = Release|Any CPU
		{473E8D67-EC97-4341-95DA-AEB20F396A97}.Release|Any CPU.Build.0 = Release|Any CPU
	EndGlobalSection
	GlobalSection(SolutionProperties) = preSolution
		HideSolutionNode = FALSE
	EndGlobalSection
	GlobalSection(ExtensibilityGlobals) = postSolution
		SolutionGuid = {38642F8B-D7E8-4C62-9D8B-991160A5C84D}
	EndGlobalSection
EndGlobal
